
Microsoft Visual Studio Solution File, Format Version 12.00
# Visual Studio Version 16
VisualStudioVersion = 16.0.31129.286
MinimumVisualStudioVersion = 10.0.40219.1
Project("{9A19103F-16F7-4668-BE54-9A1E7A4F7556}") = "DrinkAndCollectBlazor.Server", "DrinkAndCollectBlazor\Server\DrinkAndCollectBlazor.Server.csproj", "{78AB03D2-3E76-4EEB-8B43-0E2BD13B1F19}"
EndProject
Project("{9A19103F-16F7-4668-BE54-9A1E7A4F7556}") = "DrinkAndCollectBlazor.Client", "DrinkAndCollectBlazor\Client\DrinkAndCollectBlazor.Client.csproj", "{27951D54-2517-4FFF-A03C-C80C9FD850E2}"
EndProject
Project("{9A19103F-16F7-4668-BE54-9A1E7A4F7556}") = "DrinkAndCollectBlazor.Shared", "DrinkAndCollectBlazor\Shared\DrinkAndCollectBlazor.Shared.csproj", "{6D72EF2A-5B07-4824-81D2-0F2017AEAFE8}"
EndProject
Project("{FAE04EC0-301F-11D3-BF4B-00C04F79EFBC}") = "Dal", "Dal\Dal.csproj", "{6E9DE49C-15C2-4971-A372-2BB4D8AD2E08}"
EndProject
Project("{FAE04EC0-301F-11D3-BF4B-00C04F79EFBC}") = "Dal.Factory", "Dal.Factory\Dal.Factory.csproj", "{302954A6-675F-4CC2-BC26-06E4B1FE6DA1}"
EndProject
Project("{FAE04EC0-301F-11D3-BF4B-00C04F79EFBC}") = "Dal.Interface", "Dal.Interface\Dal.Interface.csproj", "{CCD98FEA-E753-40D7-8F4A-D1D8218C9E26}"
EndProject
Project("{FAE04EC0-301F-11D3-BF4B-00C04F79EFBC}") = "Logic", "Logic\Logic.csproj", "{02766CD4-F1CB-4800-B614-5F2963BB1C36}"
EndProject
Global
	GlobalSection(SolutionConfigurationPlatforms) = preSolution
		Debug|Any CPU = Debug|Any CPU
		Release|Any CPU = Release|Any CPU
	EndGlobalSection
	GlobalSection(ProjectConfigurationPlatforms) = postSolution
		{78AB03D2-3E76-4EEB-8B43-0E2BD13B1F19}.Debug|Any CPU.ActiveCfg = Debug|Any CPU
		{78AB03D2-3E76-4EEB-8B43-0E2BD13B1F19}.Debug|Any CPU.Build.0 = Debug|Any CPU
		{78AB03D2-3E76-4EEB-8B43-0E2BD13B1F19}.Release|Any CPU.ActiveCfg = Release|Any CPU
		{78AB03D2-3E76-4EEB-8B43-0E2BD13B1F19}.Release|Any CPU.Build.0 = Release|Any CPU
		{27951D54-2517-4FFF-A03C-C80C9FD850E2}.Debug|Any CPU.ActiveCfg = Debug|Any CPU
		{27951D54-2517-4FFF-A03C-C80C9FD850E2}.Debug|Any CPU.Build.0 = Debug|Any CPU
		{27951D54-2517-4FFF-A03C-C80C9FD850E2}.Release|Any CPU.ActiveCfg = Release|Any CPU
		{27951D54-2517-4FFF-A03C-C80C9FD850E2}.Release|Any CPU.Build.0 = Release|Any CPU
		{6D72EF2A-5B07-4824-81D2-0F2017AEAFE8}.Debug|Any CPU.ActiveCfg = Debug|Any CPU
		{6D72EF2A-5B07-4824-81D2-0F2017AEAFE8}.Debug|Any CPU.Build.0 = Debug|Any CPU
		{6D72EF2A-5B07-4824-81D2-0F2017AEAFE8}.Release|Any CPU.ActiveCfg = Release|Any CPU
		{6D72EF2A-5B07-4824-81D2-0F2017AEAFE8}.Release|Any CPU.Build.0 = Release|Any CPU
		{6E9DE49C-15C2-4971-A372-2BB4D8AD2E08}.Debug|Any CPU.ActiveCfg = Debug|Any CPU
		{6E9DE49C-15C2-4971-A372-2BB4D8AD2E08}.Debug|Any CPU.Build.0 = Debug|Any CPU
		{6E9DE49C-15C2-4971-A372-2BB4D8AD2E08}.Release|Any CPU.ActiveCfg = Release|Any CPU
		{6E9DE49C-15C2-4971-A372-2BB4D8AD2E08}.Release|Any CPU.Build.0 = Release|Any CPU
		{302954A6-675F-4CC2-BC26-06E4B1FE6DA1}.Debug|Any CPU.ActiveCfg = Debug|Any CPU
		{302954A6-675F-4CC2-BC26-06E4B1FE6DA1}.Debug|Any CPU.Build.0 = Debug|Any CPU
		{302954A6-675F-4CC2-BC26-06E4B1FE6DA1}.Release|Any CPU.ActiveCfg = Release|Any CPU
		{302954A6-675F-4CC2-BC26-06E4B1FE6DA1}.Release|Any CPU.Build.0 = Release|Any CPU
		{CCD98FEA-E753-40D7-8F4A-D1D8218C9E26}.Debug|Any CPU.ActiveCfg = Debug|Any CPU
		{CCD98FEA-E753-40D7-8F4A-D1D8218C9E26}.Debug|Any CPU.Build.0 = Debug|Any CPU
		{CCD98FEA-E753-40D7-8F4A-D1D8218C9E26}.Release|Any CPU.ActiveCfg = Release|Any CPU
		{CCD98FEA-E753-40D7-8F4A-D1D8218C9E26}.Release|Any CPU.Build.0 = Release|Any CPU
		{02766CD4-F1CB-4800-B614-5F2963BB1C36}.Debug|Any CPU.ActiveCfg = Debug|Any CPU
		{02766CD4-F1CB-4800-B614-5F2963BB1C36}.Debug|Any CPU.Build.0 = Debug|Any CPU
		{02766CD4-F1CB-4800-B614-5F2963BB1C36}.Release|Any CPU.ActiveCfg = Release|Any CPU
		{02766CD4-F1CB-4800-B614-5F2963BB1C36}.Release|Any CPU.Build.0 = Release|Any CPU
	EndGlobalSection
	GlobalSection(SolutionProperties) = preSolution
		HideSolutionNode = FALSE
	EndGlobalSection
	GlobalSection(ExtensibilityGlobals) = postSolution
		SolutionGuid = {EAFECA20-0B3F-4EB9-A47C-1A1139CF1E5F}
	EndGlobalSection
EndGlobal
